
Microsoft Visual Studio Solution File, Format Version 12.00
Project("{2150E333-8FDC-42A3-9474-1A3956D46DE8}") = "solution-files", "solution-files", "{C5A14B95-C47A-46D6-964C-CA4DEFCB5E90}"
	ProjectSection(SolutionItems) = preProject
		Directory.Build.props = Directory.Build.props
		Directory.Packages.props = Directory.Packages.props
		README.md = README.md
		Nuget.Config = Nuget.Config
		compose.yaml = compose.yaml
	EndProjectSection
EndProject
Project("{2150E333-8FDC-42A3-9474-1A3956D46DE8}") = "src", "src", "{A09202E6-A1E3-4DC5-8F47-7B78288DD5FE}"
EndProject
Project("{2150E333-8FDC-42A3-9474-1A3956D46DE8}") = "tests", "tests", "{D467BAA1-59F7-4D3F-8C34-065DB672F4E3}"
EndProject
Project("{2150E333-8FDC-42A3-9474-1A3956D46DE8}") = "Server", "Server", "{AA7A9FAF-C20D-4662-AAED-75282B368CB2}"
EndProject
Project("{2150E333-8FDC-42A3-9474-1A3956D46DE8}") = "Server", "Server", "{C3FF7273-A4A1-4993-A08B-EC62C3CA4F9D}"
EndProject
Project("{2150E333-8FDC-42A3-9474-1A3956D46DE8}") = "Clients", "Clients", "{D058EB59-6ECC-4BDC-8C43-76F1ED2EB4C2}"
EndProject
Project("{2150E333-8FDC-42A3-9474-1A3956D46DE8}") = "Clients", "Clients", "{98BC6AEE-C64B-4E0C-ABB2-442A7301AAFE}"
EndProject
Project("{2150E333-8FDC-42A3-9474-1A3956D46DE8}") = "Controllers", "Controllers", "{6EE8618B-A37D-43B6-B804-3E8573DA3A6A}"
EndProject
Project("{2150E333-8FDC-42A3-9474-1A3956D46DE8}") = "DataAccess", "DataAccess", "{36C52A97-3985-40DC-B599-F3F897C4C939}"
EndProject
Project("{2150E333-8FDC-42A3-9474-1A3956D46DE8}") = "Logical", "Logical", "{71B07342-D218-41EC-BD65-B7B6B2F991EA}"
EndProject
Project("{2150E333-8FDC-42A3-9474-1A3956D46DE8}") = "Controllers", "Controllers", "{8E39C301-F19E-44A2-9766-B06000FE981A}"
EndProject
Project("{2150E333-8FDC-42A3-9474-1A3956D46DE8}") = "DataAccess", "DataAccess", "{F9EBDAD9-FD5D-4011-8EF8-E3B9364A0231}"
EndProject
Project("{2150E333-8FDC-42A3-9474-1A3956D46DE8}") = "Logical", "Logical", "{F9FC49D4-5296-4CAC-BC76-B30EDF167899}"
EndProject
Project("{FAE04EC0-301F-11D3-BF4B-00C04F79EFBC}") = "Api.Web", "src\Server.Controllers.Api.Web\Api.Web.csproj", "{1A87BA9C-0457-4240-9B88-77194705A90F}"
EndProject
Project("{FAE04EC0-301F-11D3-BF4B-00C04F79EFBC}") = "Domain", "src\Server.Logical.Domain\Domain.csproj", "{0F1F3A09-7780-4206-A2D5-62C4E1D0521F}"
EndProject
Project("{FAE04EC0-301F-11D3-BF4B-00C04F79EFBC}") = "Application", "src\Server.Logical.Application\Application.csproj", "{B01EC841-D9CE-4138-8DF3-314BD969A863}"
EndProject
Project("{FAE04EC0-301F-11D3-BF4B-00C04F79EFBC}") = "Api.MessageBus", "src\Server.Controllers.Api.MessageBus\Api.MessageBus.csproj", "{2D54B30C-6C0C-4BF8-B38D-2AE69F484DAF}"
EndProject
Project("{FAE04EC0-301F-11D3-BF4B-00C04F79EFBC}") = "MessageBus.Contracts", "src\Server.Logical.MessageBus.Contracts\MessageBus.Contracts.csproj", "{1E0B51E2-433B-498D-8246-C9F2A263A1EA}"
EndProject
Project("{2150E333-8FDC-42A3-9474-1A3956D46DE8}") = "workflows", "workflows", "{B7A582E0-488F-4EB4-826A-BC0D13636B73}"
	ProjectSection(SolutionItems) = preProject
		.github\workflows\buid-api-web.yaml = .github\workflows\buid-api-web.yaml
		.github\workflows\buid-api-messagebus.yaml = .github\workflows\buid-api-messagebus.yaml
	EndProjectSection
EndProject
Project("{2150E333-8FDC-42A3-9474-1A3956D46DE8}") = "docs", "docs", "{0071DA9F-EC04-4E6E-89F7-AD1C4A1A6711}"
	ProjectSection(SolutionItems) = preProject
		docs\version.md = docs\version.md
	EndProjectSection
EndProject
Global
	GlobalSection(SolutionConfigurationPlatforms) = preSolution
		Debug|Any CPU = Debug|Any CPU
		Release|Any CPU = Release|Any CPU
	EndGlobalSection
	GlobalSection(NestedProjects) = preSolution
		{AA7A9FAF-C20D-4662-AAED-75282B368CB2} = {A09202E6-A1E3-4DC5-8F47-7B78288DD5FE}
		{C3FF7273-A4A1-4993-A08B-EC62C3CA4F9D} = {D467BAA1-59F7-4D3F-8C34-065DB672F4E3}
		{D058EB59-6ECC-4BDC-8C43-76F1ED2EB4C2} = {A09202E6-A1E3-4DC5-8F47-7B78288DD5FE}
		{98BC6AEE-C64B-4E0C-ABB2-442A7301AAFE} = {D467BAA1-59F7-4D3F-8C34-065DB672F4E3}
		{6EE8618B-A37D-43B6-B804-3E8573DA3A6A} = {AA7A9FAF-C20D-4662-AAED-75282B368CB2}
		{36C52A97-3985-40DC-B599-F3F897C4C939} = {AA7A9FAF-C20D-4662-AAED-75282B368CB2}
		{71B07342-D218-41EC-BD65-B7B6B2F991EA} = {AA7A9FAF-C20D-4662-AAED-75282B368CB2}
		{8E39C301-F19E-44A2-9766-B06000FE981A} = {C3FF7273-A4A1-4993-A08B-EC62C3CA4F9D}
		{F9EBDAD9-FD5D-4011-8EF8-E3B9364A0231} = {C3FF7273-A4A1-4993-A08B-EC62C3CA4F9D}
		{F9FC49D4-5296-4CAC-BC76-B30EDF167899} = {C3FF7273-A4A1-4993-A08B-EC62C3CA4F9D}
		{1A87BA9C-0457-4240-9B88-77194705A90F} = {6EE8618B-A37D-43B6-B804-3E8573DA3A6A}
		{0F1F3A09-7780-4206-A2D5-62C4E1D0521F} = {71B07342-D218-41EC-BD65-B7B6B2F991EA}
		{B01EC841-D9CE-4138-8DF3-314BD969A863} = {71B07342-D218-41EC-BD65-B7B6B2F991EA}
		{2D54B30C-6C0C-4BF8-B38D-2AE69F484DAF} = {6EE8618B-A37D-43B6-B804-3E8573DA3A6A}
		{1E0B51E2-433B-498D-8246-C9F2A263A1EA} = {71B07342-D218-41EC-BD65-B7B6B2F991EA}
		{0071DA9F-EC04-4E6E-89F7-AD1C4A1A6711} = {C5A14B95-C47A-46D6-964C-CA4DEFCB5E90}
	EndGlobalSection
	GlobalSection(ProjectConfigurationPlatforms) = postSolution
		{1A87BA9C-0457-4240-9B88-77194705A90F}.Debug|Any CPU.ActiveCfg = Debug|Any CPU
		{1A87BA9C-0457-4240-9B88-77194705A90F}.Debug|Any CPU.Build.0 = Debug|Any CPU
		{1A87BA9C-0457-4240-9B88-77194705A90F}.Release|Any CPU.ActiveCfg = Release|Any CPU
		{1A87BA9C-0457-4240-9B88-77194705A90F}.Release|Any CPU.Build.0 = Release|Any CPU
		{0F1F3A09-7780-4206-A2D5-62C4E1D0521F}.Debug|Any CPU.ActiveCfg = Debug|Any CPU
		{0F1F3A09-7780-4206-A2D5-62C4E1D0521F}.Debug|Any CPU.Build.0 = Debug|Any CPU
		{0F1F3A09-7780-4206-A2D5-62C4E1D0521F}.Release|Any CPU.ActiveCfg = Release|Any CPU
		{0F1F3A09-7780-4206-A2D5-62C4E1D0521F}.Release|Any CPU.Build.0 = Release|Any CPU
		{B01EC841-D9CE-4138-8DF3-314BD969A863}.Debug|Any CPU.ActiveCfg = Debug|Any CPU
		{B01EC841-D9CE-4138-8DF3-314BD969A863}.Debug|Any CPU.Build.0 = Debug|Any CPU
		{B01EC841-D9CE-4138-8DF3-314BD969A863}.Release|Any CPU.ActiveCfg = Release|Any CPU
		{B01EC841-D9CE-4138-8DF3-314BD969A863}.Release|Any CPU.Build.0 = Release|Any CPU
		{2D54B30C-6C0C-4BF8-B38D-2AE69F484DAF}.Debug|Any CPU.ActiveCfg = Debug|Any CPU
		{2D54B30C-6C0C-4BF8-B38D-2AE69F484DAF}.Debug|Any CPU.Build.0 = Debug|Any CPU
		{2D54B30C-6C0C-4BF8-B38D-2AE69F484DAF}.Release|Any CPU.ActiveCfg = Release|Any CPU
		{2D54B30C-6C0C-4BF8-B38D-2AE69F484DAF}.Release|Any CPU.Build.0 = Release|Any CPU
		{1E0B51E2-433B-498D-8246-C9F2A263A1EA}.Debug|Any CPU.ActiveCfg = Debug|Any CPU
		{1E0B51E2-433B-498D-8246-C9F2A263A1EA}.Debug|Any CPU.Build.0 = Debug|Any CPU
		{1E0B51E2-433B-498D-8246-C9F2A263A1EA}.Release|Any CPU.ActiveCfg = Release|Any CPU
		{1E0B51E2-433B-498D-8246-C9F2A263A1EA}.Release|Any CPU.Build.0 = Release|Any CPU
	EndGlobalSection
EndGlobal
